{
  "name": "ancient-code",
  "version": "0.4.0",
  "lockfileVersion": 3,
  "requires": true,
  "packages": {
    "": {
      "name": "ancient-code",
      "version": "0.4.0",
      "license": "MIT",
      "dependencies": {
        "ancient-fences": "^0.3.1"
      },
      "bin": {
        "ancient-code": "bin/ancient-code.mjs"
      },
      "engines": {
        "node": ">=20"
      }
    },
    "node_modules/ancient-fences": {
      "version": "0.3.1",
      "resolved": "https://registry.npmjs.org/ancient-fences/-/ancient-fences-0.3.1.tgz",
      "integrity": "sha512-u+GF2Ct+pP1pxTU97vxo/CPSlGvFjDZrxufv0Xf0XlB56WaL3YZNFP8hlDDXvBycr6LVQqZ1L/58/WKxzXaKDw==",
      "license": "MIT",
      "bin": {
        "ancient-fences": "bin/ancient-fences.mjs"
      },
      "engines": {
        "node": ">=20"
      }
    }
  }
}
