{
  "name": "ancient-code",
  "version": "0.1.0",
  "lockfileVersion": 3,
  "requires": true,
  "packages": {
    "": {
      "name": "ancient-code",
      "version": "0.1.0",
      "license": "MIT",
      "dependencies": {
        "ancient-fences": "^0.3.0"
      },
      "bin": {
        "ancient-code": "bin/ancient-code.mjs"
      },
      "engines": {
        "node": ">=20"
      }
    },
    "node_modules/ancient-fences": {
      "version": "0.3.0",
      "resolved": "https://registry.npmjs.org/ancient-fences/-/ancient-fences-0.3.0.tgz",
      "integrity": "sha512-EyPi331+C1d19w+UHYJ27AeF3Fo1/W9ZXm8s03hL3oORhHfo24kSnGvT/Kj4DIIZtUXCn1K4wgFFzuwF+ddXyA==",
      "license": "MIT",
      "bin": {
        "ancient-fences": "bin/ancient-fences.mjs"
      },
      "engines": {
        "node": ">=20"
      }
    }
  }
}
